
Microsoft Visual Studio Solution File, Format Version 12.00
# Visual Studio 15
VisualStudioVersion = 15.0.26430.15
MinimumVisualStudioVersion = 10.0.40219.1
Project("{FAE04EC0-301F-11D3-BF4B-00C04F79EFBC}") = "ConsoleApp2", "CreateTransaction\ConsoleApp2.csproj", "{5C287CB0-FC56-482A-8C91-DB83B60C9B70}"
EndProject
Global
	GlobalSection(SolutionConfigurationPlatforms) = preSolution
		Debug|Any CPU = Debug|Any CPU
		Release|Any CPU = Release|Any CPU
	EndGlobalSection
	GlobalSection(ProjectConfigurationPlatforms) = postSolution
		{5C287CB0-FC56-482A-8C91-DB83B60C9B70}.Debug|Any CPU.ActiveCfg = Debug|Any CPU
		{5C287CB0-FC56-482A-8C91-DB83B60C9B70}.Debug|Any CPU.Build.0 = Debug|Any CPU
		{5C287CB0-FC56-482A-8C91-DB83B60C9B70}.Release|Any CPU.ActiveCfg = Release|Any CPU
		{5C287CB0-FC56-482A-8C91-DB83B60C9B70}.Release|Any CPU.Build.0 = Release|Any CPU
	EndGlobalSection
	GlobalSection(SolutionProperties) = preSolution
		HideSolutionNode = FALSE
	EndGlobalSection
	GlobalSection(ExtensibilityGlobals) = postSolution
		SolutionGuid = {81F708CD-E079-41B3-8A68-8B27AE8B262A}
	EndGlobalSection
EndGlobal
